
Microsoft Visual Studio Solution File, Format Version 12.00
# Visual Studio Version 17
VisualStudioVersion = 17.13.35931.197 d17.13
MinimumVisualStudioVersion = 10.0.40219.1
Project("{FAE04EC0-301F-11D3-BF4B-00C04F79EFBC}") = "ServerXLuaFramework", "ServerXLuaFramework.csproj", "{6224338F-C7FA-458D-8610-A84C2A6A7AC1}"
EndProject
Global
	GlobalSection(SolutionConfigurationPlatforms) = preSolution
		Debug|Any CPU = Debug|Any CPU
		Release|Any CPU = Release|Any CPU
	EndGlobalSection
	GlobalSection(ProjectConfigurationPlatforms) = postSolution
		{6224338F-C7FA-458D-8610-A84C2A6A7AC1}.Debug|Any CPU.ActiveCfg = Debug|Any CPU
		{6224338F-C7FA-458D-8610-A84C2A6A7AC1}.Debug|Any CPU.Build.0 = Debug|Any CPU
		{6224338F-C7FA-458D-8610-A84C2A6A7AC1}.Release|Any CPU.ActiveCfg = Release|Any CPU
		{6224338F-C7FA-458D-8610-A84C2A6A7AC1}.Release|Any CPU.Build.0 = Release|Any CPU
	EndGlobalSection
	GlobalSection(SolutionProperties) = preSolution
		HideSolutionNode = FALSE
	EndGlobalSection
	GlobalSection(ExtensibilityGlobals) = postSolution
		SolutionGuid = {A3749F6B-4254-4098-92BE-67CEEEA09197}
	EndGlobalSection
EndGlobal
